
Microsoft Visual Studio Solution File, Format Version 12.00
# Visual Studio 15
VisualStudioVersion = 15.0.28010.2003
MinimumVisualStudioVersion = 10.0.40219.1
Project("{FAE04EC0-301F-11D3-BF4B-00C04F79EFBC}") = "Algorithm of MO", "Algorithm of MO\Algorithm of MO.csproj", "{28AF3383-A943-4E24-A3DA-2F71C4C8BAE8}"
	ProjectSection(ProjectDependencies) = postProject
		{88B27C90-4C97-43D5-99D2-E1437DA8D154} = {88B27C90-4C97-43D5-99D2-E1437DA8D154}
	EndProjectSection
EndProject
Project("{FAE04EC0-301F-11D3-BF4B-00C04F79EFBC}") = "JMetalCSharp", "JMetalCSharp\JMetalCSharp.csproj", "{88B27C90-4C97-43D5-99D2-E1437DA8D154}"
EndProject
Project("{FAE04EC0-301F-11D3-BF4B-00C04F79EFBC}") = "JMetalCSharpTests", "JMetalCSharpTests\JMetalCSharpTests.csproj", "{5DD0812C-884F-4DA4-ABB1-76B71C331131}"
EndProject
Global
	GlobalSection(SolutionConfigurationPlatforms) = preSolution
		Debug|Any CPU = Debug|Any CPU
		Release|Any CPU = Release|Any CPU
	EndGlobalSection
	GlobalSection(ProjectConfigurationPlatforms) = postSolution
		{28AF3383-A943-4E24-A3DA-2F71C4C8BAE8}.Debug|Any CPU.ActiveCfg = Debug|Any CPU
		{28AF3383-A943-4E24-A3DA-2F71C4C8BAE8}.Debug|Any CPU.Build.0 = Debug|Any CPU
		{28AF3383-A943-4E24-A3DA-2F71C4C8BAE8}.Release|Any CPU.ActiveCfg = Release|Any CPU
		{28AF3383-A943-4E24-A3DA-2F71C4C8BAE8}.Release|Any CPU.Build.0 = Release|Any CPU
		{88B27C90-4C97-43D5-99D2-E1437DA8D154}.Debug|Any CPU.ActiveCfg = Debug|Any CPU
		{88B27C90-4C97-43D5-99D2-E1437DA8D154}.Debug|Any CPU.Build.0 = Debug|Any CPU
		{88B27C90-4C97-43D5-99D2-E1437DA8D154}.Release|Any CPU.ActiveCfg = Release|Any CPU
		{88B27C90-4C97-43D5-99D2-E1437DA8D154}.Release|Any CPU.Build.0 = Release|Any CPU
		{5DD0812C-884F-4DA4-ABB1-76B71C331131}.Debug|Any CPU.ActiveCfg = Debug|Any CPU
		{5DD0812C-884F-4DA4-ABB1-76B71C331131}.Debug|Any CPU.Build.0 = Debug|Any CPU
		{5DD0812C-884F-4DA4-ABB1-76B71C331131}.Release|Any CPU.ActiveCfg = Release|Any CPU
		{5DD0812C-884F-4DA4-ABB1-76B71C331131}.Release|Any CPU.Build.0 = Release|Any CPU
	EndGlobalSection
	GlobalSection(SolutionProperties) = preSolution
		HideSolutionNode = FALSE
	EndGlobalSection
	GlobalSection(ExtensibilityGlobals) = postSolution
		SolutionGuid = {965C26DB-0689-442E-8F14-C2432B9A155A}
	EndGlobalSection
EndGlobal
